
Microsoft Visual Studio Solution File, Format Version 12.00
# Visual Studio Version 17
VisualStudioVersion = 17.8.34330.188
MinimumVisualStudioVersion = 10.0.40219.1
Project("{FAE04EC0-301F-11D3-BF4B-00C04F79EFBC}") = "NewGlobeTest", "NewGlobeTest\NewGlobeTest.csproj", "{13D7556E-A5A7-4C4D-B62D-D1F5A12D1ADB}"
EndProject
Global
	GlobalSection(SolutionConfigurationPlatforms) = preSolution
		Debug|Any CPU = Debug|Any CPU
		Release|Any CPU = Release|Any CPU
	EndGlobalSection
	GlobalSection(ProjectConfigurationPlatforms) = postSolution
		{13D7556E-A5A7-4C4D-B62D-D1F5A12D1ADB}.Debug|Any CPU.ActiveCfg = Debug|Any CPU
		{13D7556E-A5A7-4C4D-B62D-D1F5A12D1ADB}.Debug|Any CPU.Build.0 = Debug|Any CPU
		{13D7556E-A5A7-4C4D-B62D-D1F5A12D1ADB}.Release|Any CPU.ActiveCfg = Release|Any CPU
		{13D7556E-A5A7-4C4D-B62D-D1F5A12D1ADB}.Release|Any CPU.Build.0 = Release|Any CPU
	EndGlobalSection
	GlobalSection(SolutionProperties) = preSolution
		HideSolutionNode = FALSE
	EndGlobalSection
	GlobalSection(ExtensibilityGlobals) = postSolution
		SolutionGuid = {8DBD746F-1A2E-4E9B-A773-BB1F5AD5AEDA}
	EndGlobalSection
EndGlobal
